
Microsoft Visual Studio Solution File, Format Version 12.00
# Visual Studio 15
VisualStudioVersion = 15.0.26228.12
MinimumVisualStudioVersion = 10.0.40219.1
Project("{FAE04EC0-301F-11D3-BF4B-00C04F79EFBC}") = "Quan_li_thu_vien1", "Quan_li_thu_vien1\Quan_li_thu_vien1.csproj", "{EA43F62F-100B-4A90-9192-DFFC4CAEF20C}"
EndProject
Project("{FAE04EC0-301F-11D3-BF4B-00C04F79EFBC}") = "QUAN_LI_THU_VIEN2", "QUAN_LI_THU_VIEN2\QUAN_LI_THU_VIEN2.csproj", "{CAF6B73F-0E71-44CD-80CE-741FC38A9391}"
EndProject
Global
	GlobalSection(SolutionConfigurationPlatforms) = preSolution
		Debug|Any CPU = Debug|Any CPU
		Release|Any CPU = Release|Any CPU
	EndGlobalSection
	GlobalSection(ProjectConfigurationPlatforms) = postSolution
		{EA43F62F-100B-4A90-9192-DFFC4CAEF20C}.Debug|Any CPU.ActiveCfg = Debug|Any CPU
		{EA43F62F-100B-4A90-9192-DFFC4CAEF20C}.Debug|Any CPU.Build.0 = Debug|Any CPU
		{EA43F62F-100B-4A90-9192-DFFC4CAEF20C}.Release|Any CPU.ActiveCfg = Release|Any CPU
		{EA43F62F-100B-4A90-9192-DFFC4CAEF20C}.Release|Any CPU.Build.0 = Release|Any CPU
		{CAF6B73F-0E71-44CD-80CE-741FC38A9391}.Debug|Any CPU.ActiveCfg = Debug|Any CPU
		{CAF6B73F-0E71-44CD-80CE-741FC38A9391}.Debug|Any CPU.Build.0 = Debug|Any CPU
		{CAF6B73F-0E71-44CD-80CE-741FC38A9391}.Release|Any CPU.ActiveCfg = Release|Any CPU
		{CAF6B73F-0E71-44CD-80CE-741FC38A9391}.Release|Any CPU.Build.0 = Release|Any CPU
	EndGlobalSection
	GlobalSection(SolutionProperties) = preSolution
		HideSolutionNode = FALSE
	EndGlobalSection
EndGlobal
